
Microsoft Visual Studio Solution File, Format Version 12.00
# Visual Studio 15
VisualStudioVersion = 15.0.26403.3
MinimumVisualStudioVersion = 10.0.40219.1
Project("{2150E333-8FDC-42A3-9474-1A3956D46DE8}") = "src", "src", "{2372A970-DCA2-4FD7-B573-8243BBBDF7FA}"
EndProject
Project("{2150E333-8FDC-42A3-9474-1A3956D46DE8}") = "Solution Items", "Solution Items", "{C298BC5C-DA23-4544-B48A-8194424984E2}"
EndProject
Project("{FAE04EC0-301F-11D3-BF4B-00C04F79EFBC}") = "ProIdeas.Services", "ProIdeas.Services\ProIdeas.Services.csproj", "{71F17200-A3D1-459C-9744-FDC5D25A2309}"
EndProject
Project("{FAE04EC0-301F-11D3-BF4B-00C04F79EFBC}") = "ProIdeas.Logic", "ProIdeas.Logic\ProIdeas.Logic.csproj", "{3BAA9686-910E-486E-981A-AFF543724439}"
EndProject
Project("{FAE04EC0-301F-11D3-BF4B-00C04F79EFBC}") = "ProIdeas.Domain.Entities", "ProIdeas.Domain.Entities\ProIdeas.Domain.Entities.csproj", "{2B4BA78E-6819-4285-878A-1BF07966D114}"
EndProject
Project("{FAE04EC0-301F-11D3-BF4B-00C04F79EFBC}") = "ProIdeas.Domain.Repositories", "ProIdeas.Domain.Repositories\ProIdeas.Domain.Repositories.csproj", "{CBE8113A-D2B6-49DA-895B-117F0B9CBA6B}"
EndProject
Project("{2150E333-8FDC-42A3-9474-1A3956D46DE8}") = "Domain", "Domain", "{16ABF993-D20E-4BD0-9BD4-7AE38C0659E4}"
EndProject
Project("{2150E333-8FDC-42A3-9474-1A3956D46DE8}") = "Logic", "Logic", "{062E2278-6A46-420B-A802-64B562216238}"
EndProject
Project("{2150E333-8FDC-42A3-9474-1A3956D46DE8}") = "Services", "Services", "{09CD6B1C-C4D9-4A7D-BADB-4F1DE1FC5670}"
EndProject
Project("{2150E333-8FDC-42A3-9474-1A3956D46DE8}") = "UI", "UI", "{232AEF7D-469F-4383-A9F3-F7AFC433B1C8}"
EndProject
Project("{FAE04EC0-301F-11D3-BF4B-00C04F79EFBC}") = "ProIdeas.DTO", "ProIdeas.DTO\ProIdeas.DTO.csproj", "{D3825A15-FCB7-4B75-8B3E-2FF70AF7E091}"
EndProject
Project("{FAE04EC0-301F-11D3-BF4B-00C04F79EFBC}") = "ProIdeas.Data.Mappings", "ProIdeas.Data.Mappings\ProIdeas.Data.Mappings.csproj", "{FCF6740A-9384-481C-9890-27A290AD3C75}"
EndProject
Project("{FAE04EC0-301F-11D3-BF4B-00C04F79EFBC}") = "ProIdeas.DataMappings.Data.Mappings.Contracts", "ProIdeas.DataMappings.Data.Mappings.Contracts\ProIdeas.DataMappings.Data.Mappings.Contracts.csproj", "{7A6CD3D7-DCFA-40AA-8E49-DA1D195A3984}"
EndProject
Project("{FAE04EC0-301F-11D3-BF4B-00C04F79EFBC}") = "ProIdeas.Domain.Repositories.RethinkDb", "ProIdeas.Domain.Repositories.RethinkDb\ProIdeas.Domain.Repositories.RethinkDb.csproj", "{36EF2AF2-F6DE-4AA0-BCF5-117B758F2F6F}"
EndProject
Project("{2150E333-8FDC-42A3-9474-1A3956D46DE8}") = "Common", "Common", "{E5D0F62B-29C9-41FC-9177-699CAC883629}"
EndProject
Project("{FAE04EC0-301F-11D3-BF4B-00C04F79EFBC}") = "ProIdeas.Files.Contracts", "ProIdeas.Files.Contracts\ProIdeas.Files.Contracts.csproj", "{4D5B9671-DBE6-4370-82BE-909D9B2EA4F0}"
EndProject
Project("{FAE04EC0-301F-11D3-BF4B-00C04F79EFBC}") = "ProIdeas.Serializers", "ProIdeas.Serializers\ProIdeas.Serializers.csproj", "{ADB9DE59-3E23-435A-A9AB-278CA8276C3D}"
EndProject
Project("{FAE04EC0-301F-11D3-BF4B-00C04F79EFBC}") = "ProIdeas.Serializers.Contracts", "ProIdeas.Serializers.Contracts\ProIdeas.Serializers.Contracts.csproj", "{80B0E827-2365-4C01-9738-A3939AF64ECA}"
EndProject
Project("{FAE04EC0-301F-11D3-BF4B-00C04F79EFBC}") = "ProIdeas.Domain.Queries", "ProIdeas.Domain.Queries\ProIdeas.Domain.Queries.csproj", "{28F0E69E-6FA6-4FBD-824F-8EC513FA81B9}"
EndProject
Project("{FAE04EC0-301F-11D3-BF4B-00C04F79EFBC}") = "ProIdeas.Domain.Core", "ProIdeas.Domain.Core\ProIdeas.Domain.Core.csproj", "{0C092DB8-C7FA-417C-95D4-EE0CAF673544}"
EndProject
Project("{FAE04EC0-301F-11D3-BF4B-00C04F79EFBC}") = "ProIdeas.Infra.Bus", "ProIdeas.Infra.Bus\ProIdeas.Infra.Bus.csproj", "{6059E2EB-401E-423C-B9BC-D09873554362}"
EndProject
Project("{FAE04EC0-301F-11D3-BF4B-00C04F79EFBC}") = "ProIdeas.Infra.EventSourcing", "ProIdeas.Infra.EventSourcing\ProIdeas.Infra.EventSourcing.csproj", "{5E5ED45A-4A0B-4DF6-B689-EC18ECB2C9BE}"
EndProject
Project("{FAE04EC0-301F-11D3-BF4B-00C04F79EFBC}") = "ProIdeas.Infra.Commands", "ProIdeas.Infra.Commands\ProIdeas.Infra.Commands.csproj", "{B5E7A53B-CF34-4D23-911B-30BDD8C587AC}"
EndProject
Project("{FAE04EC0-301F-11D3-BF4B-00C04F79EFBC}") = "ProIdeas.Infra.Events", "ProIdeas.Infra.Events\ProIdeas.Infra.Events.csproj", "{AF397C5F-BA18-45D9-BA2B-041C05C893DB}"
EndProject
Project("{FAE04EC0-301F-11D3-BF4B-00C04F79EFBC}") = "ProIdeas.UI", "ProIdeas.UI\ProIdeas.UI.csproj", "{106EC86A-1E55-471F-9C49-A48755E8CEB9}"
EndProject
Project("{E53339B2-1760-4266-BCC7-CA923CBCF16C}") = "docker-compose", "docker-compose.dcproj", "{B24EA95C-C64D-4168-9E4A-474F070F5137}"
EndProject
Project("{FAE04EC0-301F-11D3-BF4B-00C04F79EFBC}") = "AspNet.Identity.Repository", "AspNet.Identity.Repository\AspNet.Identity.Repository.csproj", "{CF12F244-6E0D-46BB-8299-B16533D59D20}"
EndProject
Project("{FAE04EC0-301F-11D3-BF4B-00C04F79EFBC}") = "ProIdeas.Authentication.Contracts", "ProIdeas.Authentication.Contracts\ProIdeas.Authentication.Contracts.csproj", "{A11B1D47-3053-4A25-B4D3-B59A70EB1D5A}"
EndProject
Project("{FAE04EC0-301F-11D3-BF4B-00C04F79EFBC}") = "ProIdeas.Domain.RehtinkDb.QueryTemplates", "..\ProIdeas.Domain.RehtinkDb.QueryTemplates\ProIdeas.Domain.RehtinkDb.QueryTemplates.csproj", "{0E3F02C8-79E5-4BEA-BB75-AD4829DB8472}"
EndProject
Global
	GlobalSection(SolutionConfigurationPlatforms) = preSolution
		Debug|Any CPU = Debug|Any CPU
		Release|Any CPU = Release|Any CPU
	EndGlobalSection
	GlobalSection(ProjectConfigurationPlatforms) = postSolution
		{71F17200-A3D1-459C-9744-FDC5D25A2309}.Debug|Any CPU.ActiveCfg = Debug|Any CPU
		{71F17200-A3D1-459C-9744-FDC5D25A2309}.Debug|Any CPU.Build.0 = Debug|Any CPU
		{71F17200-A3D1-459C-9744-FDC5D25A2309}.Release|Any CPU.ActiveCfg = Release|Any CPU
		{71F17200-A3D1-459C-9744-FDC5D25A2309}.Release|Any CPU.Build.0 = Release|Any CPU
		{3BAA9686-910E-486E-981A-AFF543724439}.Debug|Any CPU.ActiveCfg = Debug|Any CPU
		{3BAA9686-910E-486E-981A-AFF543724439}.Debug|Any CPU.Build.0 = Debug|Any CPU
		{3BAA9686-910E-486E-981A-AFF543724439}.Release|Any CPU.ActiveCfg = Release|Any CPU
		{3BAA9686-910E-486E-981A-AFF543724439}.Release|Any CPU.Build.0 = Release|Any CPU
		{2B4BA78E-6819-4285-878A-1BF07966D114}.Debug|Any CPU.ActiveCfg = Debug|Any CPU
		{2B4BA78E-6819-4285-878A-1BF07966D114}.Debug|Any CPU.Build.0 = Debug|Any CPU
		{2B4BA78E-6819-4285-878A-1BF07966D114}.Release|Any CPU.ActiveCfg = Release|Any CPU
		{2B4BA78E-6819-4285-878A-1BF07966D114}.Release|Any CPU.Build.0 = Release|Any CPU
		{CBE8113A-D2B6-49DA-895B-117F0B9CBA6B}.Debug|Any CPU.ActiveCfg = Debug|Any CPU
		{CBE8113A-D2B6-49DA-895B-117F0B9CBA6B}.Debug|Any CPU.Build.0 = Debug|Any CPU
		{CBE8113A-D2B6-49DA-895B-117F0B9CBA6B}.Release|Any CPU.ActiveCfg = Release|Any CPU
		{CBE8113A-D2B6-49DA-895B-117F0B9CBA6B}.Release|Any CPU.Build.0 = Release|Any CPU
		{D3825A15-FCB7-4B75-8B3E-2FF70AF7E091}.Debug|Any CPU.ActiveCfg = Debug|Any CPU
		{D3825A15-FCB7-4B75-8B3E-2FF70AF7E091}.Debug|Any CPU.Build.0 = Debug|Any CPU
		{D3825A15-FCB7-4B75-8B3E-2FF70AF7E091}.Release|Any CPU.ActiveCfg = Release|Any CPU
		{D3825A15-FCB7-4B75-8B3E-2FF70AF7E091}.Release|Any CPU.Build.0 = Release|Any CPU
		{FCF6740A-9384-481C-9890-27A290AD3C75}.Debug|Any CPU.ActiveCfg = Debug|Any CPU
		{FCF6740A-9384-481C-9890-27A290AD3C75}.Debug|Any CPU.Build.0 = Debug|Any CPU
		{FCF6740A-9384-481C-9890-27A290AD3C75}.Release|Any CPU.ActiveCfg = Release|Any CPU
		{FCF6740A-9384-481C-9890-27A290AD3C75}.Release|Any CPU.Build.0 = Release|Any CPU
		{7A6CD3D7-DCFA-40AA-8E49-DA1D195A3984}.Debug|Any CPU.ActiveCfg = Debug|Any CPU
		{7A6CD3D7-DCFA-40AA-8E49-DA1D195A3984}.Debug|Any CPU.Build.0 = Debug|Any CPU
		{7A6CD3D7-DCFA-40AA-8E49-DA1D195A3984}.Release|Any CPU.ActiveCfg = Release|Any CPU
		{7A6CD3D7-DCFA-40AA-8E49-DA1D195A3984}.Release|Any CPU.Build.0 = Release|Any CPU
		{36EF2AF2-F6DE-4AA0-BCF5-117B758F2F6F}.Debug|Any CPU.ActiveCfg = Debug|Any CPU
		{36EF2AF2-F6DE-4AA0-BCF5-117B758F2F6F}.Debug|Any CPU.Build.0 = Debug|Any CPU
		{36EF2AF2-F6DE-4AA0-BCF5-117B758F2F6F}.Release|Any CPU.ActiveCfg = Release|Any CPU
		{36EF2AF2-F6DE-4AA0-BCF5-117B758F2F6F}.Release|Any CPU.Build.0 = Release|Any CPU
		{4D5B9671-DBE6-4370-82BE-909D9B2EA4F0}.Debug|Any CPU.ActiveCfg = Debug|Any CPU
		{4D5B9671-DBE6-4370-82BE-909D9B2EA4F0}.Debug|Any CPU.Build.0 = Debug|Any CPU
		{4D5B9671-DBE6-4370-82BE-909D9B2EA4F0}.Release|Any CPU.ActiveCfg = Release|Any CPU
		{4D5B9671-DBE6-4370-82BE-909D9B2EA4F0}.Release|Any CPU.Build.0 = Release|Any CPU
		{ADB9DE59-3E23-435A-A9AB-278CA8276C3D}.Debug|Any CPU.ActiveCfg = Debug|Any CPU
		{ADB9DE59-3E23-435A-A9AB-278CA8276C3D}.Debug|Any CPU.Build.0 = Debug|Any CPU
		{ADB9DE59-3E23-435A-A9AB-278CA8276C3D}.Release|Any CPU.ActiveCfg = Release|Any CPU
		{ADB9DE59-3E23-435A-A9AB-278CA8276C3D}.Release|Any CPU.Build.0 = Release|Any CPU
		{80B0E827-2365-4C01-9738-A3939AF64ECA}.Debug|Any CPU.ActiveCfg = Debug|Any CPU
		{80B0E827-2365-4C01-9738-A3939AF64ECA}.Debug|Any CPU.Build.0 = Debug|Any CPU
		{80B0E827-2365-4C01-9738-A3939AF64ECA}.Release|Any CPU.ActiveCfg = Release|Any CPU
		{80B0E827-2365-4C01-9738-A3939AF64ECA}.Release|Any CPU.Build.0 = Release|Any CPU
		{28F0E69E-6FA6-4FBD-824F-8EC513FA81B9}.Debug|Any CPU.ActiveCfg = Debug|Any CPU
		{28F0E69E-6FA6-4FBD-824F-8EC513FA81B9}.Debug|Any CPU.Build.0 = Debug|Any CPU
		{28F0E69E-6FA6-4FBD-824F-8EC513FA81B9}.Release|Any CPU.ActiveCfg = Release|Any CPU
		{28F0E69E-6FA6-4FBD-824F-8EC513FA81B9}.Release|Any CPU.Build.0 = Release|Any CPU
		{0C092DB8-C7FA-417C-95D4-EE0CAF673544}.Debug|Any CPU.ActiveCfg = Debug|Any CPU
		{0C092DB8-C7FA-417C-95D4-EE0CAF673544}.Debug|Any CPU.Build.0 = Debug|Any CPU
		{0C092DB8-C7FA-417C-95D4-EE0CAF673544}.Release|Any CPU.ActiveCfg = Release|Any CPU
		{0C092DB8-C7FA-417C-95D4-EE0CAF673544}.Release|Any CPU.Build.0 = Release|Any CPU
		{6059E2EB-401E-423C-B9BC-D09873554362}.Debug|Any CPU.ActiveCfg = Debug|Any CPU
		{6059E2EB-401E-423C-B9BC-D09873554362}.Debug|Any CPU.Build.0 = Debug|Any CPU
		{6059E2EB-401E-423C-B9BC-D09873554362}.Release|Any CPU.ActiveCfg = Release|Any CPU
		{6059E2EB-401E-423C-B9BC-D09873554362}.Release|Any CPU.Build.0 = Release|Any CPU
		{5E5ED45A-4A0B-4DF6-B689-EC18ECB2C9BE}.Debug|Any CPU.ActiveCfg = Debug|Any CPU
		{5E5ED45A-4A0B-4DF6-B689-EC18ECB2C9BE}.Debug|Any CPU.Build.0 = Debug|Any CPU
		{5E5ED45A-4A0B-4DF6-B689-EC18ECB2C9BE}.Release|Any CPU.ActiveCfg = Release|Any CPU
		{5E5ED45A-4A0B-4DF6-B689-EC18ECB2C9BE}.Release|Any CPU.Build.0 = Release|Any CPU
		{B5E7A53B-CF34-4D23-911B-30BDD8C587AC}.Debug|Any CPU.ActiveCfg = Debug|Any CPU
		{B5E7A53B-CF34-4D23-911B-30BDD8C587AC}.Debug|Any CPU.Build.0 = Debug|Any CPU
		{B5E7A53B-CF34-4D23-911B-30BDD8C587AC}.Release|Any CPU.ActiveCfg = Release|Any CPU
		{B5E7A53B-CF34-4D23-911B-30BDD8C587AC}.Release|Any CPU.Build.0 = Release|Any CPU
		{AF397C5F-BA18-45D9-BA2B-041C05C893DB}.Debug|Any CPU.ActiveCfg = Debug|Any CPU
		{AF397C5F-BA18-45D9-BA2B-041C05C893DB}.Debug|Any CPU.Build.0 = Debug|Any CPU
		{AF397C5F-BA18-45D9-BA2B-041C05C893DB}.Release|Any CPU.ActiveCfg = Release|Any CPU
		{AF397C5F-BA18-45D9-BA2B-041C05C893DB}.Release|Any CPU.Build.0 = Release|Any CPU
		{106EC86A-1E55-471F-9C49-A48755E8CEB9}.Debug|Any CPU.ActiveCfg = Debug|Any CPU
		{106EC86A-1E55-471F-9C49-A48755E8CEB9}.Debug|Any CPU.Build.0 = Debug|Any CPU
		{106EC86A-1E55-471F-9C49-A48755E8CEB9}.Release|Any CPU.ActiveCfg = Release|Any CPU
		{106EC86A-1E55-471F-9C49-A48755E8CEB9}.Release|Any CPU.Build.0 = Release|Any CPU
		{B24EA95C-C64D-4168-9E4A-474F070F5137}.Debug|Any CPU.ActiveCfg = Debug|Any CPU
		{B24EA95C-C64D-4168-9E4A-474F070F5137}.Debug|Any CPU.Build.0 = Debug|Any CPU
		{B24EA95C-C64D-4168-9E4A-474F070F5137}.Release|Any CPU.ActiveCfg = Release|Any CPU
		{B24EA95C-C64D-4168-9E4A-474F070F5137}.Release|Any CPU.Build.0 = Release|Any CPU
		{CF12F244-6E0D-46BB-8299-B16533D59D20}.Debug|Any CPU.ActiveCfg = Debug|Any CPU
		{CF12F244-6E0D-46BB-8299-B16533D59D20}.Debug|Any CPU.Build.0 = Debug|Any CPU
		{CF12F244-6E0D-46BB-8299-B16533D59D20}.Release|Any CPU.ActiveCfg = Release|Any CPU
		{CF12F244-6E0D-46BB-8299-B16533D59D20}.Release|Any CPU.Build.0 = Release|Any CPU
		{A11B1D47-3053-4A25-B4D3-B59A70EB1D5A}.Debug|Any CPU.ActiveCfg = Debug|Any CPU
		{A11B1D47-3053-4A25-B4D3-B59A70EB1D5A}.Debug|Any CPU.Build.0 = Debug|Any CPU
		{A11B1D47-3053-4A25-B4D3-B59A70EB1D5A}.Release|Any CPU.ActiveCfg = Release|Any CPU
		{A11B1D47-3053-4A25-B4D3-B59A70EB1D5A}.Release|Any CPU.Build.0 = Release|Any CPU
		{0E3F02C8-79E5-4BEA-BB75-AD4829DB8472}.Debug|Any CPU.ActiveCfg = Debug|Any CPU
		{0E3F02C8-79E5-4BEA-BB75-AD4829DB8472}.Debug|Any CPU.Build.0 = Debug|Any CPU
		{0E3F02C8-79E5-4BEA-BB75-AD4829DB8472}.Release|Any CPU.ActiveCfg = Release|Any CPU
		{0E3F02C8-79E5-4BEA-BB75-AD4829DB8472}.Release|Any CPU.Build.0 = Release|Any CPU
	EndGlobalSection
	GlobalSection(SolutionProperties) = preSolution
		HideSolutionNode = FALSE
	EndGlobalSection
	GlobalSection(NestedProjects) = preSolution
		{71F17200-A3D1-459C-9744-FDC5D25A2309} = {09CD6B1C-C4D9-4A7D-BADB-4F1DE1FC5670}
		{3BAA9686-910E-486E-981A-AFF543724439} = {062E2278-6A46-420B-A802-64B562216238}
		{2B4BA78E-6819-4285-878A-1BF07966D114} = {16ABF993-D20E-4BD0-9BD4-7AE38C0659E4}
		{CBE8113A-D2B6-49DA-895B-117F0B9CBA6B} = {16ABF993-D20E-4BD0-9BD4-7AE38C0659E4}
		{16ABF993-D20E-4BD0-9BD4-7AE38C0659E4} = {2372A970-DCA2-4FD7-B573-8243BBBDF7FA}
		{062E2278-6A46-420B-A802-64B562216238} = {2372A970-DCA2-4FD7-B573-8243BBBDF7FA}
		{09CD6B1C-C4D9-4A7D-BADB-4F1DE1FC5670} = {2372A970-DCA2-4FD7-B573-8243BBBDF7FA}
		{232AEF7D-469F-4383-A9F3-F7AFC433B1C8} = {2372A970-DCA2-4FD7-B573-8243BBBDF7FA}
		{D3825A15-FCB7-4B75-8B3E-2FF70AF7E091} = {062E2278-6A46-420B-A802-64B562216238}
		{FCF6740A-9384-481C-9890-27A290AD3C75} = {062E2278-6A46-420B-A802-64B562216238}
		{7A6CD3D7-DCFA-40AA-8E49-DA1D195A3984} = {062E2278-6A46-420B-A802-64B562216238}
		{36EF2AF2-F6DE-4AA0-BCF5-117B758F2F6F} = {16ABF993-D20E-4BD0-9BD4-7AE38C0659E4}
		{E5D0F62B-29C9-41FC-9177-699CAC883629} = {2372A970-DCA2-4FD7-B573-8243BBBDF7FA}
		{4D5B9671-DBE6-4370-82BE-909D9B2EA4F0} = {E5D0F62B-29C9-41FC-9177-699CAC883629}
		{ADB9DE59-3E23-435A-A9AB-278CA8276C3D} = {E5D0F62B-29C9-41FC-9177-699CAC883629}
		{80B0E827-2365-4C01-9738-A3939AF64ECA} = {E5D0F62B-29C9-41FC-9177-699CAC883629}
		{28F0E69E-6FA6-4FBD-824F-8EC513FA81B9} = {16ABF993-D20E-4BD0-9BD4-7AE38C0659E4}
		{0C092DB8-C7FA-417C-95D4-EE0CAF673544} = {16ABF993-D20E-4BD0-9BD4-7AE38C0659E4}
		{6059E2EB-401E-423C-B9BC-D09873554362} = {16ABF993-D20E-4BD0-9BD4-7AE38C0659E4}
		{5E5ED45A-4A0B-4DF6-B689-EC18ECB2C9BE} = {16ABF993-D20E-4BD0-9BD4-7AE38C0659E4}
		{B5E7A53B-CF34-4D23-911B-30BDD8C587AC} = {16ABF993-D20E-4BD0-9BD4-7AE38C0659E4}
		{AF397C5F-BA18-45D9-BA2B-041C05C893DB} = {16ABF993-D20E-4BD0-9BD4-7AE38C0659E4}
		{106EC86A-1E55-471F-9C49-A48755E8CEB9} = {232AEF7D-469F-4383-A9F3-F7AFC433B1C8}
		{B24EA95C-C64D-4168-9E4A-474F070F5137} = {232AEF7D-469F-4383-A9F3-F7AFC433B1C8}
		{CF12F244-6E0D-46BB-8299-B16533D59D20} = {232AEF7D-469F-4383-A9F3-F7AFC433B1C8}
		{A11B1D47-3053-4A25-B4D3-B59A70EB1D5A} = {E5D0F62B-29C9-41FC-9177-699CAC883629}
		{0E3F02C8-79E5-4BEA-BB75-AD4829DB8472} = {16ABF993-D20E-4BD0-9BD4-7AE38C0659E4}
	EndGlobalSection
EndGlobal
